
Microsoft Visual Studio Solution File, Format Version 12.00
# Visual Studio 15
VisualStudioVersion = 15.0.27130.2036
MinimumVisualStudioVersion = 10.0.40219.1
Project("{FAE04EC0-301F-11D3-BF4B-00C04F79EFBC}") = "DataRecordingTool", "DataRecordingTool\DataRecordingTool.csproj", "{B2C712FF-3B57-44A4-BD80-67B3216BC383}"
EndProject
Global
	GlobalSection(SolutionConfigurationPlatforms) = preSolution
		Debug|Any CPU = Debug|Any CPU
		English Release|Any CPU = English Release|Any CPU
		Maori Release|Any CPU = Maori Release|Any CPU
	EndGlobalSection
	GlobalSection(ProjectConfigurationPlatforms) = postSolution
		{B2C712FF-3B57-44A4-BD80-67B3216BC383}.Debug|Any CPU.ActiveCfg = Debug|Any CPU
		{B2C712FF-3B57-44A4-BD80-67B3216BC383}.Debug|Any CPU.Build.0 = Debug|Any CPU
		{B2C712FF-3B57-44A4-BD80-67B3216BC383}.English Release|Any CPU.ActiveCfg = English Release|Any CPU
		{B2C712FF-3B57-44A4-BD80-67B3216BC383}.English Release|Any CPU.Build.0 = English Release|Any CPU
		{B2C712FF-3B57-44A4-BD80-67B3216BC383}.Maori Release|Any CPU.ActiveCfg = Maori Release|Any CPU
		{B2C712FF-3B57-44A4-BD80-67B3216BC383}.Maori Release|Any CPU.Build.0 = Maori Release|Any CPU
	EndGlobalSection
	GlobalSection(SolutionProperties) = preSolution
		HideSolutionNode = FALSE
	EndGlobalSection
	GlobalSection(ExtensibilityGlobals) = postSolution
		SolutionGuid = {CAA062F0-BB99-4A32-98D7-33321F06BA76}
	EndGlobalSection
EndGlobal
